
Microsoft Visual Studio Solution File, Format Version 12.00
# Visual Studio Version 17
VisualStudioVersion = 17.8.34525.116
MinimumVisualStudioVersion = 10.0.40219.1
Project("{9A19103F-16F7-4668-BE54-9A1E7A4F7556}") = "CarShop.Application", "CarShop.Application\CarShop.Application.csproj", "{6E3BCDE3-0621-45D6-B3F0-552FAEF109E5}"
EndProject
Project("{9A19103F-16F7-4668-BE54-9A1E7A4F7556}") = "CarShop.CrossCutting", "CarShop.CrossCutting\CarShop.CrossCutting.csproj", "{81AE0B14-A40A-43C5-99AD-17CA143E5DB9}"
EndProject
Project("{9A19103F-16F7-4668-BE54-9A1E7A4F7556}") = "CarShop.Domain", "CarShop.Domain\CarShop.Domain.csproj", "{BBAD6B79-4199-4870-9330-5E9C761F6617}"
EndProject
Project("{9A19103F-16F7-4668-BE54-9A1E7A4F7556}") = "CarShop.Blazor", "CarShop.Blazor\CarShop.Blazor.csproj", "{7A321064-D436-405E-940F-43F0716BE57B}"
EndProject
Project("{9A19103F-16F7-4668-BE54-9A1E7A4F7556}") = "CarShop.Infrastructure", "CarShop.Infrastructure\CarShop.Infrastructure.csproj", "{03741B6A-6B66-43E8-9620-6C4A5B74C97F}"
EndProject
Global
	GlobalSection(SolutionConfigurationPlatforms) = preSolution
		Debug|Any CPU = Debug|Any CPU
		Release|Any CPU = Release|Any CPU
	EndGlobalSection
	GlobalSection(ProjectConfigurationPlatforms) = postSolution
		{6E3BCDE3-0621-45D6-B3F0-552FAEF109E5}.Debug|Any CPU.ActiveCfg = Debug|Any CPU
		{6E3BCDE3-0621-45D6-B3F0-552FAEF109E5}.Debug|Any CPU.Build.0 = Debug|Any CPU
		{6E3BCDE3-0621-45D6-B3F0-552FAEF109E5}.Release|Any CPU.ActiveCfg = Release|Any CPU
		{6E3BCDE3-0621-45D6-B3F0-552FAEF109E5}.Release|Any CPU.Build.0 = Release|Any CPU
		{81AE0B14-A40A-43C5-99AD-17CA143E5DB9}.Debug|Any CPU.ActiveCfg = Debug|Any CPU
		{81AE0B14-A40A-43C5-99AD-17CA143E5DB9}.Debug|Any CPU.Build.0 = Debug|Any CPU
		{81AE0B14-A40A-43C5-99AD-17CA143E5DB9}.Release|Any CPU.ActiveCfg = Release|Any CPU
		{81AE0B14-A40A-43C5-99AD-17CA143E5DB9}.Release|Any CPU.Build.0 = Release|Any CPU
		{BBAD6B79-4199-4870-9330-5E9C761F6617}.Debug|Any CPU.ActiveCfg = Debug|Any CPU
		{BBAD6B79-4199-4870-9330-5E9C761F6617}.Debug|Any CPU.Build.0 = Debug|Any CPU
		{BBAD6B79-4199-4870-9330-5E9C761F6617}.Release|Any CPU.ActiveCfg = Release|Any CPU
		{BBAD6B79-4199-4870-9330-5E9C761F6617}.Release|Any CPU.Build.0 = Release|Any CPU
		{7A321064-D436-405E-940F-43F0716BE57B}.Debug|Any CPU.ActiveCfg = Debug|Any CPU
		{7A321064-D436-405E-940F-43F0716BE57B}.Debug|Any CPU.Build.0 = Debug|Any CPU
		{7A321064-D436-405E-940F-43F0716BE57B}.Release|Any CPU.ActiveCfg = Release|Any CPU
		{7A321064-D436-405E-940F-43F0716BE57B}.Release|Any CPU.Build.0 = Release|Any CPU
		{03741B6A-6B66-43E8-9620-6C4A5B74C97F}.Debug|Any CPU.ActiveCfg = Debug|Any CPU
		{03741B6A-6B66-43E8-9620-6C4A5B74C97F}.Debug|Any CPU.Build.0 = Debug|Any CPU
		{03741B6A-6B66-43E8-9620-6C4A5B74C97F}.Release|Any CPU.ActiveCfg = Release|Any CPU
		{03741B6A-6B66-43E8-9620-6C4A5B74C97F}.Release|Any CPU.Build.0 = Release|Any CPU
	EndGlobalSection
	GlobalSection(SolutionProperties) = preSolution
		HideSolutionNode = FALSE
	EndGlobalSection
	GlobalSection(ExtensibilityGlobals) = postSolution
		SolutionGuid = {C4DF640B-03CF-4C05-A9E1-09649CFCE077}
	EndGlobalSection
EndGlobal
